Microsoft Visual Studio Solution File, Format Version 12.00
# Visual Studio Version 17
VisualStudioVersion = 17.13.35825.156
MinimumVisualStudioVersion = 10.0.40219.1
Project("{FAE04EC0-301F-11D3-BF4B-00C04F79EFBC}") = "FrmInsercao", "FrmInsercao.csproj", "{644A1E2B-1368-4021-A1BB-43F5E458A838}"
EndProject
Global
	GlobalSection(SolutionConfigurationPlatforms) = preSolution
		Debug|Any CPU = Debug|Any CPU
		Release|Any CPU = Release|Any CPU
	EndGlobalSection
	GlobalSection(ProjectConfigurationPlatforms) = postSolution
		{644A1E2B-1368-4021-A1BB-43F5E458A838}.Debug|Any CPU.ActiveCfg = Debug|Any CPU
		{644A1E2B-1368-4021-A1BB-43F5E458A838}.Debug|Any CPU.Build.0 = Debug|Any CPU
		{644A1E2B-1368-4021-A1BB-43F5E458A838}.Release|Any CPU.ActiveCfg = Release|Any CPU
		{644A1E2B-1368-4021-A1BB-43F5E458A838}.Release|Any CPU.Build.0 = Release|Any CPU
	EndGlobalSection
	GlobalSection(SolutionProperties) = preSolution
		HideSolutionNode = FALSE
	EndGlobalSection
	GlobalSection(ExtensibilityGlobals) = postSolution
		SolutionGuid = {5DBE9483-038B-47B0-BF83-2870F34C7250}
	EndGlobalSection
EndGlobal
